lockfileVersion: '9.0'

import pmpn

settings:
  autoInstallPeers: true
  excludeLinksFromLockfile: false

importers:

  .:
    dependencies:
      '@tomphttp/bare-server-node':
        specifier: ^2.0.3
        version: 2.0.3
      chalk:
        specifier: ^5.3.0
        version: 5.3.0
      cookie-parser:
        specifier: ^1.4.6
        version: 1.4.6
      cors:
        specifier: ^2.8.5
        version: 2.8.5
      dotenv:
        specifier: ^16.4.5
        version: 16.4.5
      express:
        specifier: ^4.19.2
        version: 4.19.2
      express-basic-auth:
        specifier: ^1.2.1
        version: 1.2.1
      mime:
        specifier: ^4.0.4
        version: 4.0.4
      node-fetch:
        specifier: ^3.3.2
        version: 3.3.2
    devDependencies:
      '@biomejs/biome':
        specifier: 1.8.3
        version: 1.8.3

packages:

  '@biomejs/biome@1.8.3':
    resolution: {integrity: sha512-/uUV3MV+vyAczO+vKrPdOW0Iaet7UnJMU4bNMinggGJTAnBPjCoLEYcyYtYHNnUNYlv4xZMH6hVIQCAozq8d5w==}
    engines: {node: '>=14.21.3'}
    hasBin: true

  '@biomejs/cli-darwin-arm64@1.8.3':
    resolution: {integrity: sha512-9DYOjclFpKrH/m1Oz75SSExR8VKvNSSsLnVIqdnKexj6NwmiMlKk94Wa1kZEdv6MCOHGHgyyoV57Cw8WzL5n3A==}
    engines: {node: '>=14.21.3'}
    cpu: [arm64]
    os: [darwin]

  '@biomejs/cli-darwin-x64@1.8.3':
    resolution: {integrity: sha512-UeW44L/AtbmOF7KXLCoM+9PSgPo0IDcyEUfIoOXYeANaNXXf9mLUwV1GeF2OWjyic5zj6CnAJ9uzk2LT3v/wAw==}
    engines: {node: '>=14.21.3'}
    cpu: [x64]
    os: [darwin]

  '@biomejs/cli-linux-arm64-musl@1.8.3':
    resolution: {integrity: sha512-9yjUfOFN7wrYsXt/T/gEWfvVxKlnh3yBpnScw98IF+oOeCYb5/b/+K7YNqKROV2i1DlMjg9g/EcN9wvj+NkMuQ==}
    engines: {node: '>=14.21.3'}
    cpu: [arm64]
    os: [linux]

  '@biomejs/cli-linux-arm64@1.8.3':
    resolution: {integrity: sha512-fed2ji8s+I/m8upWpTJGanqiJ0rnlHOK3DdxsyVLZQ8ClY6qLuPc9uehCREBifRJLl/iJyQpHIRufLDeotsPtw==}
    engines: {node: '>=14.21.3'}
    cpu: [arm64]
    os: [linux]

  '@biomejs/cli-linux-x64-musl@1.8.3':
    resolution: {integrity: sha512-UHrGJX7PrKMKzPGoEsooKC9jXJMa28TUSMjcIlbDnIO4EAavCoVmNQaIuUSH0Ls2mpGMwUIf+aZJv657zfWWjA==}
    engines: {node: '>=14.21.3'}
    cpu: [x64]
    os: [linux]

  '@biomejs/cli-linux-x64@1.8.3':
    resolution: {integrity: sha512-I8G2QmuE1teISyT8ie1HXsjFRz9L1m5n83U1O6m30Kw+kPMPSKjag6QGUn+sXT8V+XWIZxFFBoTDEDZW2KPDDw==}
    engines: {node: '>=14.21.3'}
    cpu: [x64]
    os: [linux]

  '@biomejs/cli-win32-arm64@1.8.3':
    resolution: {integrity: sha512-J+Hu9WvrBevfy06eU1Na0lpc7uR9tibm9maHynLIoAjLZpQU3IW+OKHUtyL8p6/3pT2Ju5t5emReeIS2SAxhkQ==}
    engines: {node: '>=14.21.3'}
    cpu: [arm64]
    os: [win32]

  '@biomejs/cli-win32-x64@1.8.3':
    resolution: {integrity: sha512-/PJ59vA1pnQeKahemaQf4Nyj7IKUvGQSc3Ze1uIGi+Wvr1xF7rGobSrAAG01T/gUDG21vkDsZYM03NAmPiVkqg==}
    engines: {node: '>=14.21.3'}
    cpu: [x64]
    os: [win32]

  '@tomphttp/bare-server-node@2.0.3':
    resolution: {integrity: sha512-IGzZspDwzto+oPsvlV99OALJKH3X1nRWnpBE8EY6nrqu5I83xw3uSUacEdHNnW4rXG0IQ8vZwMH87VOMoArJ3A==}
    engines: {node: '>=18.0.0'}
    hasBin: true

  accepts@1.3.8:
    resolution: {integrity: sha512-PYAthTa2m2VKxuvSD3DPC/Gy+U+sOA1LAuT8mkmRuvw+NACSaeXEQ+NHcVF7rONl6qcaxV3Uuemwawk+7+SJLw==}
    engines: {node: '>= 0.6'}

  array-flatten@1.1.1:
    resolution: {integrity: sha512-PCVAQswWemu6UdxsDFFX/+gVeYqKAod3D3UVm91jHwynguOwAvYPhx8nNlM++NqRcK6CxxpUafjmhIdKiHibqg==}

  async-exit-hook@2.0.1:
    resolution: {integrity: sha512-NW2cX8m1Q7KPA7a5M2ULQeZ2wR5qI5PAbw5L0UOMxdioVk9PMZ0h1TmyZEkPYrCvYjDlFICusOu1dlEKAAeXBw==}
    engines: {node: '>=0.12.0'}

  basic-auth@2.0.1:
    resolution: {integrity: sha512-NF+epuEdnUYVlGuhaxbbq+dvJttwLnGY+YixlXlME5KpQ5W3CnXA5cVTneY3SPbPDRkcjMbifrwmFYcClgOZeg==}
    engines: {node: '>= 0.8'}

  body-parser@1.20.2:
    resolution: {integrity: sha512-ml9pReCu3M61kGlqoTm2umSXTlRTuGTx0bfYj+uIUKKYycG5NtSbeetV3faSU6R7ajOPw0g/J1PvK4qNy7s5bA==}
    engines: {node: '>= 0.8', npm: 1.2.8000 || >= 1.4.16}

  buffer-from@1.1.2:
    resolution: {integrity: sha512-E+XQCRwSbaaiChtv6k6Dwgc+bx+Bs6vuKJHHl5kox/BaKbhiXzqQOwK4cO22yElGp2OCmjwVhT3HmxgyPGnJfQ==}

  bytes@3.1.2:
    resolution: {integrity: sha512-IHMowbMNtYcLxnt7o3PgbYfRI2Xy48Kx2QmjFHZhWo/FL1y5x6FRH3cQC4kG9b0b6cFBJxPBD8KbKh6QuD92Q==}

  content-type@1.0.5:
    resolution: {integrity: sha512-zw3kMgFfLV92j/iXeFCfLwL0W5u3tnb8u7YYzvXw2EZJ7ZlX2xQkP4Sy7fFM2I8D6r+6Hj8phjxysGyH6FjQA==}

  cookie@0.5.0:
    resolution: {integrity: sha512-4TlkFwJ1xdFhNjRuWBlx6rR/YVwB2bB0yHtG4pRu2F7UwhLvBh/c87urDAjU7Nk8p7PVek4M7GVrSHiXUebcUg==}

  cookie-signature@1.0.6:
    resolution: {integrity: sha512-WdzjE1Ok4jSPj/mVr3gbT1mHCIzZRsXq+Ug9/cC2MRRdJ9IcRBRSv2EydHMpZZN1l6JqK0HpWaTSiqrI6n8K8A==}

  debug@4.3.4:
    resolution: {integrity: sha512-DZBzYk6TEpQp1m1aZZ+V58Re5fC3TV8lXb2cT5P3/TVaz9CBGz7g1ebH+5/6dXb8YhDO+kR0txasHb5EJSJw==}

  deprecate@1.0.1:
    resolution: {integrity: sha512-K1j8Zy9H8A29WgSHNsl+Rskd9sDsTWGLFfl9kiLRxX7T/OKFYUg0/yB9qun+UFEvTBL7J3Xq4HH9LYbNYUeDQ==}

  encodeurl@1.0.2:
    resolution: {integrity: sha512-sEtkFskxuRRoof2i1E+UFGShKRfjGZ6QL7Ri8l6bFPyyK++tfTm09XNUHMRXVEZ7mAGuvd2du9T2nISwDtwpJQ==}

  escape-html@1.0.3:
    resolution: {integrity: sha512-xzXGCsG2H1yM6pOBu+mFQ8N6NO8x1ke+/sB7c3ff4AxU+V6NYcOED9mFz/b19G0or7FDNz00TaYqV4HhF2yBfQ==}

  finalhandler@1.1.2:
    resolution: {integrity: sha512-fD/7tN+zX7DCXlYmgffAO5BR4iB74NSX1G3MLViEjZ2txvnTAXH40/IImEo+q5mRLdfp2/7FBAXLZ0ZXijYw5w==}
    engines: {node: '>=0.6'}

  form-data@4.0.0:
    resolution: {integrity: sha512-Rse11+CEhhbdQ9C3YqrcmEohFDzOpKMFG7M2M7+IY9U2HH2r3au3DkFizG1Ae75WkxlTpxIF34/ptp/dtNw6dA==}
    engines: {node: '>= 0.8'}

  http-errors@2.0.0:
    resolution: {integrity: sha512-Mb2s8+SfwTZqJFuRzi1dr+vK5jFhr4/qJ7i0bbWzb1UsDFyK3qI/ZL6+XSzP8RUyP74mP7+1/fd3kRo1xFCZg==}
    engines: {node: '>= 6.0.0'}

  iconv-lite@0.4.24:
    resolution: {integrity: sha512-HWS0jYc7B/yA4+qZ7nhCxH1sNzD5jV3x1A8h88A2TBGK1XX7gZ5uF4m/iEX/LCa38B1S+S1vCSW+EIZ5k1KJ1w==}
    engines: {node: '>=0.6'}

  inflate@0.1.5:
    resolution: {integrity: sha512-61j7s8FcAE4IT2R6rcmndN7JkwlkRb/kH3sdSxAeZDaWsBklwPtElP0F7woZ9k0hx8ef6oc9RWv7C0AsYtJxJw==}

  inherits@2.0.4:
    resolution: {integrity: sha512-K6OTVDoq1NZGcnB5+7e+T3+2LbOYdkVso2yWRT7pZ9rWz4N4c4Svbs5HtN3OmiS4mT7VYHG2q4oRu5j4iwgLQ==}

  is-typedarray@1.0.0:
    resolution: {integrity: sha512-4eR6i4W9vB6v9RHx1OQzWjhw8tLBOTmdzfd6sm+s9R1LfAoHfQZlIn9SmXukW1aDZZsD4qBGy1TYtjTp1p5Ow==}

  isarray@2.0.5:
    resolution: {integrity: sha512-0EVPpE+S6pJgA4FYI4LtpHk4q5d4kmxUXwWE/ySxF7MArTIjNrl8LV9HWrIayWV7Rv9vRI7Km1dTXNU/o7+2Dg==}

  isstream@0.1.2:
    resolution: {integrity: sha512-zb66I/k8E7M40ARcnC4coMlS+9teq7FzNhz4ZMJAbFO2UMKNXLxvU2xwd4sTS7HlL5kXNvCOon1pZj5rzVOy4g==}

  json5@2.2.3:
    resolution: {integrity: sha512-oWy8fVymUG7RMExFFIofZwQQjcROK2LQzRgtQ27/w8FPVR9PxOg4DdovI9+2j7b9A00uP7Cm8WcQKNG3K1MxIA==}
    engines: {node: '>=10.0.0'}

  mime-types@2.1.35:
    resolution: {integrity: sha512-n+tdcLBDf7Uu3SxgdFdGHf+xb/JiZfEBPz5QFB+h0WzE2JGH7mMEc0P8CDeO6Frv9x3S8EkZ5OksD0b+0d8O7g==}
    engines: {node: '>= 0.6'}

  ms@2.1.3:
    resolution: {integrity: sha512-n9NNe5sgh5RF9xjW7DGTebO3cfzHoBOwrUmpY5tHpl/8W0JHY4zN1Iot1Sk9nTTlm5j1BZ11ofkLomR5Jw9fZw==}

  on-finished@2.4.1:
    resolution: {integrity: sha512-TRfZFbRhY7s3C2Ahx0w/iG+rr3uTV72R4CzE9sxycdg40x9h8YUtPHqHHdxjDoHogON12YB3w1FEk9kb6mhMlA==}

  on-headers@1.0.2:
    resolution: {integrity: sha512-mT5xdAWa+NL1Zke9t7gI2hwFmjAYHzTQNdKKNHJ6pXICSmK0Y6trwL+mRS5q5Wm5mHEO8EEpYzD1d4HEOQ0NQQ==}

  parseurl@1.3.3:
    resolution: {integrity: sha512-GZL/5HGcYVKo0gFWrA7elA7DH6HDfK3Dh6FZi12ScLfbbXPqFGRfwwYt9XS9us5J0O6CmeShxQAR20iGV3iM8A==}

  process-nextick-args@2.0.1:
    resolution: {integrity: sha512-5RFDt5KJFlhr6Yq6W8/Yj0cGs0QbSK0EzUBQfyZ8fDg/XwghmDpKD3SWGGn6hIfk3j5R0J3WQ8FbER+2u4uFQ==}

  proxy-addr@2.0.8:
    resolution: {integrity: sha512-f3IKReKLEFfITx6xP5EAeoSVIT2WbrB5z/TZa4Ek5yfxF09WGH0DrsHk0IbH/kJ8M1rEUVr19sbiq5au6Xk4CQ==}
    engines: {node: '>= 6.0.0'}

  qs@6.5.2:
    resolution: {integrity: sha512-Fowu5T2zZIsC4RxknSDr+uTq5N0MQGox5x6ud4WcBFJXXKLq3fE15kYDLb/Y8MI8/8L9hNfW/sLTIvO0SMp4CA==}
    engines: {node: '>= 0.10.0'}

  range-parser@1.2.1:
    resolution: {integrity: sha512-YzMN4ShWY/xa5WeY6GwmUlB5jQlke8WeEx+L6yXFAIW1T9gL5jzLndKfu+v1e9V7SVgZAYUEUq34OzdGdOE7yA==}

  raw-body@2.5.2:
    resolution: {integrity: sha512-JRm76KrC5YqE6bMEdkm1UkP1lZ1Dw8TK9Vn3Uu7LMc4YXIb5i53Pr6YbOjOtT6bKMZ5yPoSflqNYVYEXoXf8Ew==}
    engines: {node: '>= 6.0.0'}

  sentry-sdk@2.9.1:
    resolution: {integrity: sha512-J2PRFkIaP5F2UBAG3MQyXGPRD/xA53bH9w9zz5XoDpV+xY5CsZnQ+uvv4fPT1D6C5i1U9LBtQ4F6Tj5F+LwMzw==}
    engines: {node: '>=16.0.0'}

  sentry-tracing@1.6.0:
    resolution: {integrity: sha512-5Zq3sZ4mV7TuDJXvXaHHEzTa/ZwOd0TM2e0ZnK3oMAeHftfC4FQDAqPS7B+oE6SpZRd0UmWWix9un78RHzgQQ==}
    engines: {node: '>=16.0.0'}

  setprototypeof@1.2.0:
    resolution: {integrity: sha512-k72TXtkmIG8aYlP/rfuHJz6AkFzZlxFvsVtUwn8QFRwFDZK2A8O6r22c2F8ZfOxuBdzKUpC+TOkiGiDYP4SYyQ==}

  signal-exit@0.1.3:
    resolution: {integrity: sha512-OBmDkQsP0y7aAqOHJ8N+gEPowvuxO8Wc6M3hK1U8gdK84v5YoH5b34m6BQorvyyZfYDFjV3H/vU9mRZwVjUSw==}

  slashes@2.0.0:
    resolution: {integrity: sha512-Z2NGA9yFMIgixM/kVjCrU7A4CYO4T8ZzqBQxy6i/qjQnXoiXeNqB8MBVzPtEcbfqrrFJSBd4VclSl0Mn5vEkMQ==}

  statuses@2.0.1:
    resolution: {integrity: sha512-KjK8tiUVJ6/p7Z2ZZpJeVr8GFA/J1V9/PEJ9ShzKoS4ArA0Y4AzgSlFC6SAB4HRG6KDIOF76EhrwUm6bsE6Enw==}

  type-is@1.6.18:
    resolution: {integrity: sha512-6MGc3+XNQnIdLb6MsjUo/2VsT7/j7iER1X9pPUs8qZZcZbDgnr8gGVFLxP8+nK/YoFMEWSolI/L+cX4kDb7A5Q==}

  ua-parser-js@0.7.31:
    resolution: {integrity: sha512-jRV2uSgJceH6B0+F4Zcz3vON3gRltJD5aaDRY4hvM4Dgq06g7P7sukNfue40hGZqQQyGLISF2SGBWl8/tcVZSA==}
    engines: {node: '>= 0.6'}

  unpipe@1.0.0:
    resolution: {integrity: sha512-5IjA2MGR9Ln6yMQeb2hZBPG03FkxzS4nJ5AjFwHT6kTrCvs7owleN5Bxl/AYECt7DPm/Z9vUqAn4O9hZSVtpRA==}

  unset-value@2.0.1:
    resolution: {integrity: sha512-VFqEjTdvPHCuUADs9KRyJ8gBG++oKGlWr6I1M2t5xC7mBh8qR0Ls2pmZl5Rco1m9c0Mv9bCxzi9MfGHmDGI0w==}

  useragent@2.1.14:
    resolution: {integrity: sha512-QFPT1wCTY51nh8nh8n5ZRG95yIfkAoFfMb6ZwxtNO8R+RPf28xfTK5SuNxKeTpukO6q7Skovw90FAFDyK9w38Q==}
    engines: {node: '>= 0.8'}

  uuid@8.3.2:
    resolution: {integrity: sha512-IAM9ubVXNCR1u5jodHZF7aj8ITQDFqgdmq5pLXsDqB0P66MkH1WE6wT4bG/WmoUazcDrdd+o/kY7O3M7TgjVYQ==}
    engines: {node: '>= 10.0.0'}

  vary@1.1.2:
    resolution: {integrity: sha512-cNd5jUQ0bMbD8uQ4dbFUMHqG5ZlGrPBRMnZirOxsjxB43boDPvwDDMROhI+7/aCNCgfzAPBTRW2T0zhQ2iql+g==}

  version@0.1.0:
    resolution: {integrity: sha512-IXiArdD2F8B5J6Y1uH+nvFPStl1HaJm6wdfYX2/6gReA6YxO0G3Ds15sc5bh1g+2H/+Ay82w+jtK1kY0g2O/8Q==}

  vnd.dns@1.0.0:
    resolution: {integrity: sha512-TOhzuEp5l1DkI5z8Z+M1Xb3OZj9t5AjcOdnJXgkQlwO6tTSCa7KJQApffEVbHYq/7Yc2d2x/7HfuGeHLroCMw==}

  webdriverio@7.16.5:
    resolution: {integrity: sha512-R2Sa/o3N2q7XG2gMc93eZJszURSlOq1Pvhq8+YO5mrA4yGH2I9n3R5DzZDLRGURkxSD/nfHa8keqkS5N+M5Yg==}

  x-xss-protection@1.1.0:
    resolution: {integrity: sha512-xNBKxQ64jbwrHYs/QrJ4+nG6gJ02ZW5MfzOBCjDCX5cb7NwqoiQvmSYqDAeph1Xek1mtfM4D5dEF6NqikV9TA==}

  xmlbuilder@4.2.2:
    resolution: {integrity: sha512-0FP0DKpj1LONBGUoyEFKvc4oPPj9/M4Ypx1W7xGOTg+v6gLwW9jCZQKY6dG5yfpT6/lKnpLctek6kF3mX3d0tQ==}

  xml2js@0.5.0:
    resolution: {integrity: sha512-s88/LM+UqU4cDyo5Ggz7u0Q0+I5Ik9Jz4EEOWbBu75bqkthO4VUBvH7SRNAl0kL+R1P4B4Xq9ik9XVCRSxryg==}

  xmldom@0.6.0:
    resolution: {integrity: sha512-sLCXLslCuIu0WZbPbh+ge5XHhrHG+77w8rQeiIuyBfqet9s+zHScY6Ym2bTLGdmeEUG7hR8NqA6BQkLsIRAGQ==}
    engines: {node: '>=0.6'}

  xregexp@4.5.0:
    resolution: {integrity: sha512-fuAdF1K/3vRhtUVr02JTeWE1qlbzWJZhlP3m8xuw7D7H2mH0X7l3oNhReZhbAKBOy+SGkgmjz1M4ybI9lRCfOw==}

  xslt@2.2.0:
    resolution: {integrity: sha512-AB7gfln+rrlgK1h9n6KakH6M7wdpLkF1fj8F0q7j9xZ9lQYVZ0hmZZUVdqVV5shJQzLC3C7yXi7l6bnAi6J7ug==}
    engines: {node: '>= 0.6'}

  yaml@2.1.2:
    resolution: {integrity: sha512-YfGZ2SCLnZ0lMHoFO2n/A+fO0K39lHlQwmCE62xTt4v9C2P7LQIz3FZ9ukdd9HZF04tyCKHeh1e6UfjH9JwKSw==}
    engines: {node: '>=0.6'}

  zlib-sync@0.1.4:
    resolution: {integrity: sha512-Lj5djUtFjzD+e1Og99Q9n0f5VUpLvh/8Nyb5pSxRY7KrNjM1P35JzQ7GV5AcJv2hfG6j1hySa6Cq5JZ9mkU+g==}
    engines: {node: '>=0.8'}
